
Microsoft Visual Studio Solution File, Format Version 12.00
# Visual Studio Version 17
VisualStudioVersion = 17.3.32825.248
MinimumVisualStudioVersion = 10.0.40219.1
Project("{2150E333-8FDC-42A3-9474-1A3956D46DE8}") = "src", "src", "{6259C3EF-5B00-40C9-B15A-F5028C66C332}"
EndProject
Project("{9A19103F-16F7-4668-BE54-9A1E7A4F7556}") = "MailService", "MailService\MailService.csproj", "{E3617506-062A-4B71-B9F0-4C7DFCB53409}"
EndProject
Project("{9A19103F-16F7-4668-BE54-9A1E7A4F7556}") = "FormsService.API", "FormsService\FormsService.API.csproj", "{728E9F6D-CFE9-4117-A8AA-14EFAC3E0F1A}"
EndProject
Project("{2150E333-8FDC-42A3-9474-1A3956D46DE8}") = "tests", "tests", "{15FB1166-0279-4887-9F22-86EE42ECB708}"
EndProject
Project("{9A19103F-16F7-4668-BE54-9A1E7A4F7556}") = "FormsService.Tests", "FormsService.Tests\FormsService.Tests.csproj", "{5E8FC664-BF76-49DD-8C59-E118F096C27F}"
EndProject
Project("{9A19103F-16F7-4668-BE54-9A1E7A4F7556}") = "FormsService.DAL", "FormsService.DAL\FormsService.DAL.csproj", "{57CCACAD-FD97-49F3-8780-2A8EFF22F556}"
EndProject
Project("{54A90642-561A-4BB1-A94E-469ADEE60C69}") = "FormsService.ClientApp", "FormsService.ClientApp\FormsService.ClientApp.esproj", "{873F5F47-D1D0-4902-9285-50A1B53EA9EE}"
EndProject
Global
	GlobalSection(SolutionConfigurationPlatforms) = preSolution
		Debug|Any CPU = Debug|Any CPU
		Release|Any CPU = Release|Any CPU
	EndGlobalSection
	GlobalSection(ProjectConfigurationPlatforms) = postSolution
		{E3617506-062A-4B71-B9F0-4C7DFCB53409}.Debug|Any CPU.ActiveCfg = Debug|Any CPU
		{E3617506-062A-4B71-B9F0-4C7DFCB53409}.Debug|Any CPU.Build.0 = Debug|Any CPU
		{E3617506-062A-4B71-B9F0-4C7DFCB53409}.Release|Any CPU.ActiveCfg = Release|Any CPU
		{E3617506-062A-4B71-B9F0-4C7DFCB53409}.Release|Any CPU.Build.0 = Release|Any CPU
		{728E9F6D-CFE9-4117-A8AA-14EFAC3E0F1A}.Debug|Any CPU.ActiveCfg = Debug|Any CPU
		{728E9F6D-CFE9-4117-A8AA-14EFAC3E0F1A}.Debug|Any CPU.Build.0 = Debug|Any CPU
		{728E9F6D-CFE9-4117-A8AA-14EFAC3E0F1A}.Release|Any CPU.ActiveCfg = Release|Any CPU
		{728E9F6D-CFE9-4117-A8AA-14EFAC3E0F1A}.Release|Any CPU.Build.0 = Release|Any CPU
		{5E8FC664-BF76-49DD-8C59-E118F096C27F}.Debug|Any CPU.ActiveCfg = Debug|Any CPU
		{5E8FC664-BF76-49DD-8C59-E118F096C27F}.Debug|Any CPU.Build.0 = Debug|Any CPU
		{5E8FC664-BF76-49DD-8C59-E118F096C27F}.Release|Any CPU.ActiveCfg = Release|Any CPU
		{5E8FC664-BF76-49DD-8C59-E118F096C27F}.Release|Any CPU.Build.0 = Release|Any CPU
		{57CCACAD-FD97-49F3-8780-2A8EFF22F556}.Debug|Any CPU.ActiveCfg = Debug|Any CPU
		{57CCACAD-FD97-49F3-8780-2A8EFF22F556}.Debug|Any CPU.Build.0 = Debug|Any CPU
		{57CCACAD-FD97-49F3-8780-2A8EFF22F556}.Release|Any CPU.ActiveCfg = Release|Any CPU
		{57CCACAD-FD97-49F3-8780-2A8EFF22F556}.Release|Any CPU.Build.0 = Release|Any CPU
		{873F5F47-D1D0-4902-9285-50A1B53EA9EE}.Debug|Any CPU.ActiveCfg = Debug|Any CPU
		{873F5F47-D1D0-4902-9285-50A1B53EA9EE}.Debug|Any CPU.Build.0 = Debug|Any CPU
		{873F5F47-D1D0-4902-9285-50A1B53EA9EE}.Debug|Any CPU.Deploy.0 = Debug|Any CPU
		{873F5F47-D1D0-4902-9285-50A1B53EA9EE}.Release|Any CPU.ActiveCfg = Release|Any CPU
		{873F5F47-D1D0-4902-9285-50A1B53EA9EE}.Release|Any CPU.Build.0 = Release|Any CPU
		{873F5F47-D1D0-4902-9285-50A1B53EA9EE}.Release|Any CPU.Deploy.0 = Release|Any CPU
	EndGlobalSection
	GlobalSection(SolutionProperties) = preSolution
		HideSolutionNode = FALSE
	EndGlobalSection
	GlobalSection(NestedProjects) = preSolution
		{E3617506-062A-4B71-B9F0-4C7DFCB53409} = {6259C3EF-5B00-40C9-B15A-F5028C66C332}
		{5E8FC664-BF76-49DD-8C59-E118F096C27F} = {15FB1166-0279-4887-9F22-86EE42ECB708}
		{57CCACAD-FD97-49F3-8780-2A8EFF22F556} = {6259C3EF-5B00-40C9-B15A-F5028C66C332}
	EndGlobalSection
	GlobalSection(ExtensibilityGlobals) = postSolution
		SolutionGuid = {9BF4B518-CFE3-43E5-8A2B-B18EA5581893}
	EndGlobalSection
EndGlobal
